// !$*UTF8*$!
{
	archiveVersion = 1;
	classes = {
	};
	objectVersion = 56;
	objects = {

/* Begin PBXBuildFile section */
		514FB859261899C58B6F819B /* Pods_SomeAnimationTests.framework in Frameworks */ = {isa = PBXBuildFile; fileRef = EB2F008CCB0434BE7341F12D /* Pods_SomeAnimationTests.framework */; };
		67B761012C3CF3780028829F /* AppDelegate.swift in Sources */ = {isa = PBXBuildFile; fileRef = 67B761002C3CF3780028829F /* AppDelegate.swift */; };
		67B761032C3CF3780028829F /* SceneDelegate.swift in Sources */ = {isa = PBXBuildFile; fileRef = 67B761022C3CF3780028829F /* SceneDelegate.swift */; };
		67B761052C3CF3780028829F /* MainViewController.swift in Sources */ = {isa = PBXBuildFile; fileRef = 67B761042C3CF3780028829F /* MainViewController.swift */; };
		67B761082C3CF3780028829F /* Base in Resources */ = {isa = PBXBuildFile; fileRef = 67B761072C3CF3780028829F /* Base */; };
		67B7610A2C3CF3790028829F /* Assets.xcassets in Resources */ = {isa = PBXBuildFile; fileRef = 67B761092C3CF3790028829F /* Assets.xcassets */; };
		67B7610D2C3CF3790028829F /* Base in Resources */ = {isa = PBXBuildFile; fileRef = 67B7610C2C3CF3790028829F /* Base */; };
		67B761182C3CF37A0028829F /* SomeAnimationTests.swift in Sources */ = {isa = PBXBuildFile; fileRef = 67B761172C3CF37A0028829F /* SomeAnimationTests.swift */; };
		67B761222C3CF37A0028829F /* SomeAnimationUITests.swift in Sources */ = {isa = PBXBuildFile; fileRef = 67B761212C3CF37A0028829F /* SomeAnimationUITests.swift */; };
		67B761242C3CF37A0028829F /* SomeAnimationUITestsLaunchTests.swift in Sources */ = {isa = PBXBuildFile; fileRef = 67B761232C3CF37A0028829F /* SomeAnimationUITestsLaunchTests.swift */; };
		67B761322C3CFB400028829F /* Animation - 1720500834524.json in Resources */ = {isa = PBXBuildFile; fileRef = 67B761312C3CFB400028829F /* Animation - 1720500834524.json */; };
		9AF2D8FC647CD445A91D7548 /* Pods_SomeAnimation.framework in Frameworks */ = {isa = PBXBuildFile; fileRef = 72CBC4C96316007EAA4DC503 /* Pods_SomeAnimation.framework */; };
		CF725DC28BDAF61C17860966 /* Pods_SomeAnimation_SomeAnimationUITests.framework in Frameworks */ = {isa = PBXBuildFile; fileRef = FA76D1F667AC35BA6072B9A9 /* Pods_SomeAnimation_SomeAnimationUITests.framework */; };
/* End PBXBuildFile section */

/* Begin PBXContainerItemProxy section */
		67B761142C3CF37A0028829F /* PBXContainerItemProxy */ = {
			isa = PBXContainerItemProxy;
			containerPortal = 67B760F52C3CF3780028829F /* Project object */;
			proxyType = 1;
			remoteGlobalIDString = 67B760FC2C3CF3780028829F;
			remoteInfo = SomeAnimation;
		};
		67B7611E2C3CF37A0028829F /* PBXContainerItemProxy */ = {
			isa = PBXContainerItemProxy;
			containerPortal = 67B760F52C3CF3780028829F /* Project object */;
			proxyType = 1;
			remoteGlobalIDString = 67B760FC2C3CF3780028829F;
			remoteInfo = SomeAnimation;
		};
/* End PBXContainerItemProxy section */

/* Begin PBXFileReference section */
		5260F69082A5D506F26648BE /* Pods-SomeAnimation-SomeAnimationUITests.release.xcconfig */ = {isa = PBXFileReference; includeInIndex = 1; lastKnownFileType = text.xcconfig; name = "Pods-SomeAnimation-SomeAnimationUITests.release.xcconfig"; path = "Target Support Files/Pods-SomeAnimation-SomeAnimationUITests/Pods-SomeAnimation-SomeAnimationUITests.release.xcconfig"; sourceTree = "<group>"; };
		67B760FD2C3CF3780028829F /* SomeAnimation.app */ = {isa = PBXFileReference; explicitFileType = wrapper.application; includeInIndex = 0; path = SomeAnimation.app; sourceTree = BUILT_PRODUCTS_DIR; };
		67B761002C3CF3780028829F /* AppDelegate.swift */ = {isa = PBXFileReference; lastKnownFileType = sourcecode.swift; path = AppDelegate.swift; sourceTree = "<group>"; };
		67B761022C3CF3780028829F /* SceneDelegate.swift */ = {isa = PBXFileReference; lastKnownFileType = sourcecode.swift; path = SceneDelegate.swift; sourceTree = "<group>"; };
		67B761042C3CF3780028829F /* MainViewController.swift */ = {isa = PBXFileReference; lastKnownFileType = sourcecode.swift; path = MainViewController.swift; sourceTree = "<group>"; };
		67B761072C3CF3780028829F /* Base */ = {isa = PBXFileReference; lastKnownFileType = file.storyboard; name = Base; path = Base.lproj/Main.storyboard; sourceTree = "<group>"; };
		67B761092C3CF3790028829F /* Assets.xcassets */ = {isa = PBXFileReference; lastKnownFileType = folder.assetcatalog; path = Assets.xcassets; sourceTree = "<group>"; };
		67B7610C2C3CF3790028829F /* Base */ = {isa = PBXFileReference; lastKnownFileType = file.storyboard; name = Base; path = Base.lproj/LaunchScreen.storyboard; sourceTree = "<group>"; };
		67B7610E2C3CF3790028829F /* Info.plist */ = {isa = PBXFileReference; lastKnownFileType = text.plist.xml; path = Info.plist; sourceTree = "<group>"; };
		67B761132C3CF37A0028829F /* SomeAnimationTests.xctest */ = {isa = PBXFileReference; explicitFileType = wrapper.cfbundle; includeInIndex = 0; path = SomeAnimationTests.xctest; sourceTree = BUILT_PRODUCTS_DIR; };
		67B761172C3CF37A0028829F /* SomeAnimationTests.swift */ = {isa = PBXFileReference; lastKnownFileType = sourcecode.swift; path = SomeAnimationTests.swift; sourceTree = "<group>"; };
		67B7611D2C3CF37A0028829F /* SomeAnimationUITests.xctest */ = {isa = PBXFileReference; explicitFileType = wrapper.cfbundle; includeInIndex = 0; path = SomeAnimationUITests.xctest; sourceTree = BUILT_PRODUCTS_DIR; };
		67B761212C3CF37A0028829F /* SomeAnimationUITests.swift */ = {isa = PBXFileReference; lastKnownFileType = sourcecode.swift; path = SomeAnimationUITests.swift; sourceTree = "<group>"; };
		67B761232C3CF37A0028829F /* SomeAnimationUITestsLaunchTests.swift */ = {isa = PBXFileReference; lastKnownFileType = sourcecode.swift; path = SomeAnimationUITestsLaunchTests.swift; sourceTree = "<group>"; };
		67B761312C3CFB400028829F /* Animation - 1720500834524.json */ = {isa = PBXFileReference; fileEncoding = 4; lastKnownFileType = text.json; path = "Animation - 1720500834524.json"; sourceTree = "<group>"; };
		72CBC4C96316007EAA4DC503 /* Pods_SomeAnimation.framework */ = {isa = PBXFileReference; explicitFileType = wrapper.framework; includeInIndex = 0; path = Pods_SomeAnimation.framework; sourceTree = BUILT_PRODUCTS_DIR; };
		9A020B7275F93793740C2B5B /* Pods-SomeAnimation.debug.xcconfig */ = {isa = PBXFileReference; includeInIndex = 1; lastKnownFileType = text.xcconfig; name = "Pods-SomeAnimation.debug.xcconfig"; path = "Target Support Files/Pods-SomeAnimation/Pods-SomeAnimation.debug.xcconfig"; sourceTree = "<group>"; };
		A1872F93228CBF28A705CCD2 /* Pods-SomeAnimation.release.xcconfig */ = {isa = PBXFileReference; includeInIndex = 1; lastKnownFileType = text.xcconfig; name = "Pods-SomeAnimation.release.xcconfig"; path = "Target Support Files/Pods-SomeAnimation/Pods-SomeAnimation.release.xcconfig"; sourceTree = "<group>"; };
		CAC09072FE696B03AD0A9432 /* Pods-SomeAnimationTests.debug.xcconfig */ = {isa = PBXFileReference; includeInIndex = 1; lastKnownFileType = text.xcconfig; name = "Pods-SomeAnimationTests.debug.xcconfig"; path = "Target Support Files/Pods-SomeAnimationTests/Pods-SomeAnimationTests.debug.xcconfig"; sourceTree = "<group>"; };
		D7F79AB2AC0FDB7F4D95440C /* Pods-SomeAnimationTests.release.xcconfig */ = {isa = PBXFileReference; includeInIndex = 1; lastKnownFileType = text.xcconfig; name = "Pods-SomeAnimationTests.release.xcconfig"; path = "Target Support Files/Pods-SomeAnimationTests/Pods-SomeAnimationTests.release.xcconfig"; sourceTree = "<group>"; };
		EA2A6A382571DAFDAE51C0F6 /* Pods-SomeAnimation-SomeAnimationUITests.debug.xcconfig */ = {isa = PBXFileReference; includeInIndex = 1; lastKnownFileType = text.xcconfig; name = "Pods-SomeAnimation-SomeAnimationUITests.debug.xcconfig"; path = "Target Support Files/Pods-SomeAnimation-SomeAnimationUITests/Pods-SomeAnimation-SomeAnimationUITests.debug.xcconfig"; sourceTree = "<group>"; };
		EB2F008CCB0434BE7341F12D /* Pods_SomeAnimationTests.framework */ = {isa = PBXFileReference; explicitFileType = wrapper.framework; includeInIndex = 0; path = Pods_SomeAnimationTests.framework; sourceTree = BUILT_PRODUCTS_DIR; };
		FA76D1F667AC35BA6072B9A9 /* Pods_SomeAnimation_SomeAnimationUITests.framework */ = {isa = PBXFileReference; explicitFileType = wrapper.framework; includeInIndex = 0; path = Pods_SomeAnimation_SomeAnimationUITests.framework; sourceTree = BUILT_PRODUCTS_DIR; };
/* End PBXFileReference section */

/* Begin PBXFrameworksBuildPhase section */
		67B760FA2C3CF3780028829F /* Frameworks */ = {
			isa = PBXFrameworksBuildPhase;
			buildActionMask = 2147483647;
			files = (
				9AF2D8FC647CD445A91D7548 /* Pods_SomeAnimation.framework in Frameworks */,
			);
			runOnlyForDeploymentPostprocessing = 0;
		};
		67B761102C3CF37A0028829F /* Frameworks */ = {
			isa = PBXFrameworksBuildPhase;
			buildActionMask = 2147483647;
			files = (
				514FB859261899C58B6F819B /* Pods_SomeAnimationTests.framework in Frameworks */,
			);
			runOnlyForDeploymentPostprocessing = 0;
		};
		67B7611A2C3CF37A0028829F /* Frameworks */ = {
			isa = PBXFrameworksBuildPhase;
			buildActionMask = 2147483647;
			files = (
				CF725DC28BDAF61C17860966 /* Pods_SomeAnimation_SomeAnimationUITests.framework in Frameworks */,
			);
			runOnlyForDeploymentPostprocessing = 0;
		};
/* End PBXFrameworksBuildPhase section */

/* Begin PBXGroup section */
		02742B75603D6FD73512A079 /* Pods */ = {
			isa = PBXGroup;
			children = (
				9A020B7275F93793740C2B5B /* Pods-SomeAnimation.debug.xcconfig */,
				A1872F93228CBF28A705CCD2 /* Pods-SomeAnimation.release.xcconfig */,
				EA2A6A382571DAFDAE51C0F6 /* Pods-SomeAnimation-SomeAnimationUITests.debug.xcconfig */,
				5260F69082A5D506F26648BE /* Pods-SomeAnimation-SomeAnimationUITests.release.xcconfig */,
				CAC09072FE696B03AD0A9432 /* Pods-SomeAnimationTests.debug.xcconfig */,
				D7F79AB2AC0FDB7F4D95440C /* Pods-SomeAnimationTests.release.xcconfig */,
			);
			path = Pods;
			sourceTree = "<group>";
		};
		67B760F42C3CF3780028829F = {
			isa = PBXGroup;
			children = (
				67B760FF2C3CF3780028829F /* SomeAnimation */,
				67B761162C3CF37A0028829F /* SomeAnimationTests */,
				67B761202C3CF37A0028829F /* SomeAnimationUITests */,
				67B760FE2C3CF3780028829F /* Products */,
				02742B75603D6FD73512A079 /* Pods */,
				E0975D344EE64FC40A564D12 /* Frameworks */,
			);
			sourceTree = "<group>";
		};
		67B760FE2C3CF3780028829F /* Products */ = {
			isa = PBXGroup;
			children = (
				67B760FD2C3CF3780028829F /* SomeAnimation.app */,
				67B761132C3CF37A0028829F /* SomeAnimationTests.xctest */,
				67B7611D2C3CF37A0028829F /* SomeAnimationUITests.xctest */,
			);
			name = Products;
			sourceTree = "<group>";
		};
		67B760FF2C3CF3780028829F /* SomeAnimation */ = {
			isa = PBXGroup;
			children = (
				67B761312C3CFB400028829F /* Animation - 1720500834524.json */,
				67B761302C3CF3A40028829F /* ViewControllers */,
				67B761002C3CF3780028829F /* AppDelegate.swift */,
				67B761022C3CF3780028829F /* SceneDelegate.swift */,
				67B761062C3CF3780028829F /* Main.storyboard */,
				67B761092C3CF3790028829F /* Assets.xcassets */,
				67B7610B2C3CF3790028829F /* LaunchScreen.storyboard */,
				67B7610E2C3CF3790028829F /* Info.plist */,
			);
			path = SomeAnimation;
			sourceTree = "<group>";
		};
		67B761162C3CF37A0028829F /* SomeAnimationTests */ = {
			isa = PBXGroup;
			children = (
				67B761172C3CF37A0028829F /* SomeAnimationTests.swift */,
			);
			path = SomeAnimationTests;
			sourceTree = "<group>";
		};
		67B761202C3CF37A0028829F /* SomeAnimationUITests */ = {
			isa = PBXGroup;
			children = (
				67B761212C3CF37A0028829F /* SomeAnimationUITests.swift */,
				67B761232C3CF37A0028829F /* SomeAnimationUITestsLaunchTests.swift */,
			);
			path = SomeAnimationUITests;
			sourceTree = "<group>";
		};
		67B761302C3CF3A40028829F /* ViewControllers */ = {
			isa = PBXGroup;
			children = (
				67B761042C3CF3780028829F /* MainViewController.swift */,
			);
			path = ViewControllers;
			sourceTree = "<group>";
		};
		E0975D344EE64FC40A564D12 /* Frameworks */ = {
			isa = PBXGroup;
			children = (
				72CBC4C96316007EAA4DC503 /* Pods_SomeAnimation.framework */,
				FA76D1F667AC35BA6072B9A9 /* Pods_SomeAnimation_SomeAnimationUITests.framework */,
				EB2F008CCB0434BE7341F12D /* Pods_SomeAnimationTests.framework */,
			);
			name = Frameworks;
			sourceTree = "<group>";
		};
/* End PBXGroup section */

/* Begin PBXNativeTarget section */
		67B760FC2C3CF3780028829F /* SomeAnimation */ = {
			isa = PBXNativeTarget;
			buildConfigurationList = 67B761272C3CF37A0028829F /* Build configuration list for PBXNativeTarget "SomeAnimation" */;
			buildPhases = (
				18B2AEA9BEA05A98423342E6 /* [CP] Check Pods Manifest.lock */,
				67B760F92C3CF3780028829F /* Sources */,
				67B760FA2C3CF3780028829F /* Frameworks */,
				67B760FB2C3CF3780028829F /* Resources */,
				2294A200AB2934D0E61669EB /* [CP] Embed Pods Frameworks */,
			);
			buildRules = (
			);
			dependencies = (
			);
			name = SomeAnimation;
			productName = SomeAnimation;
			productReference = 67B760FD2C3CF3780028829F /* SomeAnimation.app */;
			productType = "com.apple.product-type.application";
		};
		67B761122C3CF37A0028829F /* SomeAnimationTests */ = {
			isa = PBXNativeTarget;
			buildConfigurationList = 67B7612A2C3CF37A0028829F /* Build configuration list for PBXNativeTarget "SomeAnimationTests" */;
			buildPhases = (
				DE97914527F5C6CF8902CD97 /* [CP] Check Pods Manifest.lock */,
				67B7610F2C3CF37A0028829F /* Sources */,
				67B761102C3CF37A0028829F /* Frameworks */,
				67B761112C3CF37A0028829F /* Resources */,
			);
			buildRules = (
			);
			dependencies = (
				67B761152C3CF37A0028829F /* PBXTargetDependency */,
			);
			name = SomeAnimationTests;
			productName = SomeAnimationTests;
			productReference = 67B761132C3CF37A0028829F /* SomeAnimationTests.xctest */;
			productType = "com.apple.product-type.bundle.unit-test";
		};
		67B7611C2C3CF37A0028829F /* SomeAnimationUITests */ = {
			isa = PBXNativeTarget;
			buildConfigurationList = 67B7612D2C3CF37A0028829F /* Build configuration list for PBXNativeTarget "SomeAnimationUITests" */;
			buildPhases = (
				C9B607F244590B43D2B9642D /* [CP] Check Pods Manifest.lock */,
				67B761192C3CF37A0028829F /* Sources */,
				67B7611A2C3CF37A0028829F /* Frameworks */,
				67B7611B2C3CF37A0028829F /* Resources */,
				9E9718BF6D9C934C04121E51 /* [CP] Embed Pods Frameworks */,
			);
			buildRules = (
			);
			dependencies = (
				67B7611F2C3CF37A0028829F /* PBXTargetDependency */,
			);
			name = SomeAnimationUITests;
			productName = SomeAnimationUITests;
			productReference = 67B7611D2C3CF37A0028829F /* SomeAnimationUITests.xctest */;
			productType = "com.apple.product-type.bundle.ui-testing";
		};
/* End PBXNativeTarget section */

/* Begin PBXProject section */
		67B760F52C3CF3780028829F /* Project object */ = {
			isa = PBXProject;
			attributes = {
				BuildIndependentTargetsInParallel = 1;
				LastSwiftUpdateCheck = 1540;
				LastUpgradeCheck = 1540;
				TargetAttributes = {
					67B760FC2C3CF3780028829F = {
						CreatedOnToolsVersion = 15.4;
					};
					67B761122C3CF37A0028829F = {
						CreatedOnToolsVersion = 15.4;
						TestTargetID = 67B760FC2C3CF3780028829F;
					};
					67B7611C2C3CF37A0028829F = {
						CreatedOnToolsVersion = 15.4;
						TestTargetID = 67B760FC2C3CF3780028829F;
					};
				};
			};
			buildConfigurationList = 67B760F82C3CF3780028829F /* Build configuration list for PBXProject "SomeAnimation" */;
			compatibilityVersion = "Xcode 14.0";
			developmentRegion = en;
			hasScannedForEncodings = 0;
			knownRegions = (
				en,
				Base,
			);
			mainGroup = 67B760F42C3CF3780028829F;
			productRefGroup = 67B760FE2C3CF3780028829F /* Products */;
			projectDirPath = "";
			projectRoot = "";
			targets = (
				67B760FC2C3CF3780028829F /* SomeAnimation */,
				67B761122C3CF37A0028829F /* SomeAnimationTests */,
				67B7611C2C3CF37A0028829F /* SomeAnimationUITests */,
			);
		};
/* End PBXProject section */

/* Begin PBXResourcesBuildPhase section */
		67B760FB2C3CF3780028829F /* Resources */ = {
			isa = PBXResourcesBuildPhase;
			buildActionMask = 2147483647;
			files = (
				67B761322C3CFB400028829F /* Animation - 1720500834524.json in Resources */,
				67B7610A2C3CF3790028829F /* Assets.xcassets in Resources */,
				67B7610D2C3CF3790028829F /* Base in Resources */,
				67B761082C3CF3780028829F /* Base in Resources */,
			);
			runOnlyForDeploymentPostprocessing = 0;
		};
		67B761112C3CF37A0028829F /* Resources */ = {
			isa = PBXResourcesBuildPhase;
			buildActionMask = 2147483647;
			files = (
			);
			runOnlyForDeploymentPostprocessing = 0;
		};
		67B7611B2C3CF37A0028829F /* Resources */ = {
			isa = PBXResourcesBuildPhase;
			buildActionMask = 2147483647;
			files = (
			);
			runOnlyForDeploymentPostprocessing = 0;
		};
/* End PBXResourcesBuildPhase section */

/* Begin PBXShellScriptBuildPhase section */
		18B2AEA9BEA05A98423342E6 /* [CP] Check Pods Manifest.lock */ = {
			isa = PBXShellScriptBuildPhase;
			buildActionMask = 2147483647;
			files = (
			);
			inputFileListPaths = (
			);
			inputPaths = (
				"${PODS_PODFILE_DIR_PATH}/Podfile.lock",
				"${PODS_ROOT}/Manifest.lock",
			);
			name = "[CP] Check Pods Manifest.lock";
			outputFileListPaths = (
			);
			outputPaths = (
				"$(DERIVED_FILE_DIR)/Pods-SomeAnimation-checkManifestLockResult.txt",
			);
			runOnlyForDeploymentPostprocessing = 0;
			shellPath = /bin/sh;
			shellScript = "diff \"${PODS_PODFILE_DIR_PATH}/Podfile.lock\" \"${PODS_ROOT}/Manifest.lock\" > /dev/null\nif [ $? != 0 ] ; then\n    # print error to STDERR\n    echo \"error: The sandbox is not in sync with the Podfile.lock. Run 'pod install' or update your CocoaPods installation.\" >&2\n    exit 1\nfi\n# This output is used by Xcode 'outputs' to avoid re-running this script phase.\necho \"SUCCESS\" > \"${SCRIPT_OUTPUT_FILE_0}\"\n";
			showEnvVarsInLog = 0;
		};
		2294A200AB2934D0E61669EB /* [CP] Embed Pods Frameworks */ = {
			isa = PBXShellScriptBuildPhase;
			buildActionMask = 2147483647;
			files = (
			);
			inputFileListPaths = (
				"${PODS_ROOT}/Target Support Files/Pods-SomeAnimation/Pods-SomeAnimation-frameworks-${CONFIGURATION}-input-files.xcfilelist",
			);
			name = "[CP] Embed Pods Frameworks";
			outputFileListPaths = (
				"${PODS_ROOT}/Target Support Files/Pods-SomeAnimation/Pods-SomeAnimation-frameworks-${CONFIGURATION}-output-files.xcfilelist",
			);
			runOnlyForDeploymentPostprocessing = 0;
			shellPath = /bin/sh;
			shellScript = "\"${PODS_ROOT}/Target Support Files/Pods-SomeAnimation/Pods-SomeAnimation-frameworks.sh\"\n";
			showEnvVarsInLog = 0;
		};
		9E9718BF6D9C934C04121E51 /* [CP] Embed Pods Frameworks */ = {
			isa = PBXShellScriptBuildPhase;
			buildActionMask = 2147483647;
			files = (
			);
			inputFileListPaths = (
				"${PODS_ROOT}/Target Support Files/Pods-SomeAnimation-SomeAnimationUITests/Pods-SomeAnimation-SomeAnimationUITests-frameworks-${CONFIGURATION}-input-files.xcfilelist",
			);
			name = "[CP] Embed Pods Frameworks";
			outputFileListPaths = (
				"${PODS_ROOT}/Target Support Files/Pods-SomeAnimation-SomeAnimationUITests/Pods-SomeAnimation-SomeAnimationUITests-frameworks-${CONFIGURATION}-output-files.xcfilelist",
			);
			runOnlyForDeploymentPostprocessing = 0;
			shellPath = /bin/sh;
			shellScript = "\"${PODS_ROOT}/Target Support Files/Pods-SomeAnimation-SomeAnimationUITests/Pods-SomeAnimation-SomeAnimationUITests-frameworks.sh\"\n";
			showEnvVarsInLog = 0;
		};
		C9B607F244590B43D2B9642D /* [CP] Check Pods Manifest.lock */ = {
			isa = PBXShellScriptBuildPhase;
			buildActionMask = 2147483647;
			files = (
			);
			inputFileListPaths = (
			);
			inputPaths = (
				"${PODS_PODFILE_DIR_PATH}/Podfile.lock",
				"${PODS_ROOT}/Manifest.lock",
			);
			name = "[CP] Check Pods Manifest.lock";
			outputFileListPaths = (
			);
			outputPaths = (
				"$(DERIVED_FILE_DIR)/Pods-SomeAnimation-SomeAnimationUITests-checkManifestLockResult.txt",
			);
			runOnlyForDeploymentPostprocessing = 0;
			shellPath = /bin/sh;
			shellScript = "diff \"${PODS_PODFILE_DIR_PATH}/Podfile.lock\" \"${PODS_ROOT}/Manifest.lock\" > /dev/null\nif [ $? != 0 ] ; then\n    # print error to STDERR\n    echo \"error: The sandbox is not in sync with the Podfile.lock. Run 'pod install' or update your CocoaPods installation.\" >&2\n    exit 1\nfi\n# This output is used by Xcode 'outputs' to avoid re-running this script phase.\necho \"SUCCESS\" > \"${SCRIPT_OUTPUT_FILE_0}\"\n";
			showEnvVarsInLog = 0;
		};
		DE97914527F5C6CF8902CD97 /* [CP] Check Pods Manifest.lock */ = {
			isa = PBXShellScriptBuildPhase;
			buildActionMask = 2147483647;
			files = (
			);
			inputFileListPaths = (
			);
			inputPaths = (
				"${PODS_PODFILE_DIR_PATH}/Podfile.lock",
				"${PODS_ROOT}/Manifest.lock",
			);
			name = "[CP] Check Pods Manifest.lock";
			outputFileListPaths = (
			);
			outputPaths = (
				"$(DERIVED_FILE_DIR)/Pods-SomeAnimationTests-checkManifestLockResult.txt",
			);
			runOnlyForDeploymentPostprocessing = 0;
			shellPath = /bin/sh;
			shellScript = "diff \"${PODS_PODFILE_DIR_PATH}/Podfile.lock\" \"${PODS_ROOT}/Manifest.lock\" > /dev/null\nif [ $? != 0 ] ; then\n    # print error to STDERR\n    echo \"error: The sandbox is not in sync with the Podfile.lock. Run 'pod install' or update your CocoaPods installation.\" >&2\n    exit 1\nfi\n# This output is used by Xcode 'outputs' to avoid re-running this script phase.\necho \"SUCCESS\" > \"${SCRIPT_OUTPUT_FILE_0}\"\n";
			showEnvVarsInLog = 0;
		};
/* End PBXShellScriptBuildPhase section */

/* Begin PBXSourcesBuildPhase section */
		67B760F92C3CF3780028829F /* Sources */ = {
			isa = PBXSourcesBuildPhase;
			buildActionMask = 2147483647;
			files = (
				67B761052C3CF3780028829F /* MainViewController.swift in Sources */,
				67B761012C3CF3780028829F /* AppDelegate.swift in Sources */,
				67B761032C3CF3780028829F /* SceneDelegate.swift in Sources */,
			);
			runOnlyForDeploymentPostprocessing = 0;
		};
		67B7610F2C3CF37A0028829F /* Sources */ = {
			isa = PBXSourcesBuildPhase;
			buildActionMask = 2147483647;
			files = (
				67B761182C3CF37A0028829F /* SomeAnimationTests.swift in Sources */,
			);
			runOnlyForDeploymentPostprocessing = 0;
		};
		67B761192C3CF37A0028829F /* Sources */ = {
			isa = PBXSourcesBuildPhase;
			buildActionMask = 2147483647;
			files = (
				67B761222C3CF37A0028829F /* SomeAnimationUITests.swift in Sources */,
				67B761242C3CF37A0028829F /* SomeAnimationUITestsLaunchTests.swift in Sources */,
			);
			runOnlyForDeploymentPostprocessing = 0;
		};
/* End PBXSourcesBuildPhase section */

/* Begin PBXTargetDependency section */
		67B761152C3CF37A0028829F /* PBXTargetDependency */ = {
			isa = PBXTargetDependency;
			target = 67B760FC2C3CF3780028829F /* SomeAnimation */;
			targetProxy = 67B761142C3CF37A0028829F /* PBXContainerItemProxy */;
		};
		67B7611F2C3CF37A0028829F /* PBXTargetDependency */ = {
			isa = PBXTargetDependency;
			target = 67B760FC2C3CF3780028829F /* SomeAnimation */;
			targetProxy = 67B7611E2C3CF37A0028829F /* PBXContainerItemProxy */;
		};
/* End PBXTargetDependency section */

/* Begin PBXVariantGroup section */
		67B761062C3CF3780028829F /* Main.storyboard */ = {
			isa = PBXVariantGroup;
			children = (
				67B761072C3CF3780028829F /* Base */,
			);
			name = Main.storyboard;
			sourceTree = "<group>";
		};
		67B7610B2C3CF3790028829F /* LaunchScreen.storyboard */ = {
			isa = PBXVariantGroup;
			children = (
				67B7610C2C3CF3790028829F /* Base */,
			);
			name = LaunchScreen.storyboard;
			sourceTree = "<group>";
		};
/* End PBXVariantGroup section */

/* Begin XCBuildConfiguration section */
		67B761252C3CF37A0028829F /* Debug */ = {
			isa = XCBuildConfiguration;
			buildSettings = {
				ALWAYS_SEARCH_USER_PATHS = NO;
				ASSETCATALOG_COMPILER_GENERATE_SWIFT_ASSET_SYMBOL_EXTENSIONS = YES;
				CLANG_ANALYZER_NONNULL = YES;
				CLANG_ANALYZER_NUMBER_OBJECT_CONVERSION = YES_AGGRESSIVE;
				CLANG_CXX_LANGUAGE_STANDARD = "gnu++20";
				CLANG_ENABLE_MODULES = YES;
				CLANG_ENABLE_OBJC_ARC = YES;
				CLANG_ENABLE_OBJC_WEAK = YES;
				CLANG_WARN_BLOCK_CAPTURE_AUTORELEASING = YES;
				CLANG_WARN_BOOL_CONVERSION = YES;
				CLANG_WARN_COMMA = YES;
				CLANG_WARN_CONSTANT_CONVERSION = YES;
				CLANG_WARN_DEPRECATED_OBJC_IMPLEMENTATIONS = YES;
				CLANG_WARN_DIRECT_OBJC_ISA_USAGE = YES_ERROR;
				CLANG_WARN_DOCUMENTATION_COMMENTS = YES;
				CLANG_WARN_EMPTY_BODY = YES;
				CLANG_WARN_ENUM_CONVERSION = YES;
				CLANG_WARN_INFINITE_RECURSION = YES;
				CLANG_WARN_INT_CONVERSION = YES;
				CLANG_WARN_NON_LITERAL_NULL_CONVERSION = YES;
				CLANG_WARN_OBJC_IMPLICIT_RETAIN_SELF = YES;
				CLANG_WARN_OBJC_LITERAL_CONVERSION = YES;
				CLANG_WARN_OBJC_ROOT_CLASS = YES_ERROR;
				CLANG_WARN_QUOTED_INCLUDE_IN_FRAMEWORK_HEADER = YES;
				CLANG_WARN_RANGE_LOOP_ANALYSIS = YES;
				CLANG_WARN_STRICT_PROTOTYPES = YES;
				CLANG_WARN_SUSPICIOUS_MOVE = YES;
				CLANG_WARN_UNGUARDED_AVAILABILITY = YES_AGGRESSIVE;
				CLANG_WARN_UNREACHABLE_CODE = YES;
				CLANG_WARN__DUPLICATE_METHOD_MATCH = YES;
				COPY_PHASE_STRIP = NO;
				DEBUG_INFORMATION_FORMAT = dwarf;
				ENABLE_STRICT_OBJC_MSGSEND = YES;
				ENABLE_TESTABILITY = YES;
				ENABLE_USER_SCRIPT_SANDBOXING = NO;
				GCC_C_LANGUAGE_STANDARD = gnu17;
				GCC_DYNAMIC_NO_PIC = NO;
				GCC_NO_COMMON_BLOCKS = YES;
				GCC_OPTIMIZATION_LEVEL = 0;
				GCC_PREPROCESSOR_DEFINITIONS = (
					"DEBUG=1",
					"$(inherited)",
				);
				GCC_WARN_64_TO_32_BIT_CONVERSION = YES;
				GCC_WARN_ABOUT_RETURN_TYPE = YES_ERROR;
				GCC_WARN_UNDECLARED_SELECTOR = YES;
				GCC_WARN_UNINITIALIZED_AUTOS = YES_AGGRESSIVE;
				GCC_WARN_UNUSED_FUNCTION = YES;
				GCC_WARN_UNUSED_VARIABLE = YES;
				IPHONEOS_DEPLOYMENT_TARGET = 17.5;
				LOCALIZATION_PREFERS_STRING_CATALOGS = YES;
				MTL_ENABLE_DEBUG_INFO = INCLUDE_SOURCE;
				MTL_FAST_MATH = YES;
				ONLY_ACTIVE_ARCH = YES;
				SDKROOT = iphoneos;
				SWIFT_ACTIVE_COMPILATION_CONDITIONS = "DEBUG $(inherited)";
				SWIFT_OPTIMIZATION_LEVEL = "-Onone";
			};
			name = Debug;
		};
		67B761262C3CF37A0028829F /* Release */ = {
			isa = XCBuildConfiguration;
			buildSettings = {
				ALWAYS_SEARCH_USER_PATHS = NO;
				ASSETCATALOG_COMPILER_GENERATE_SWIFT_ASSET_SYMBOL_EXTENSIONS = YES;
				CLANG_ANALYZER_NONNULL = YES;
				CLANG_ANALYZER_NUMBER_OBJECT_CONVERSION = YES_AGGRESSIVE;
				CLANG_CXX_LANGUAGE_STANDARD = "gnu++20";
				CLANG_ENABLE_MODULES = YES;
				CLANG_ENABLE_OBJC_ARC = YES;
				CLANG_ENABLE_OBJC_WEAK = YES;
				CLANG_WARN_BLOCK_CAPTURE_AUTORELEASING = YES;
				CLANG_WARN_BOOL_CONVERSION = YES;
				CLANG_WARN_COMMA = YES;
				CLANG_WARN_CONSTANT_CONVERSION = YES;
				CLANG_WARN_DEPRECATED_OBJC_IMPLEMENTATIONS = YES;
				CLANG_WARN_DIRECT_OBJC_ISA_USAGE = YES_ERROR;
				CLANG_WARN_DOCUMENTATION_COMMENTS = YES;
				CLANG_WARN_EMPTY_BODY = YES;
				CLANG_WARN_ENUM_CONVERSION = YES;
				CLANG_WARN_INFINITE_RECURSION = YES;
				CLANG_WARN_INT_CONVERSION = YES;
				CLANG_WARN_NON_LITERAL_NULL_CONVERSION = YES;
				CLANG_WARN_OBJC_IMPLICIT_RETAIN_SELF = YES;
				CLANG_WARN_OBJC_LITERAL_CONVERSION = YES;
				CLANG_WARN_OBJC_ROOT_CLASS = YES_ERROR;
				CLANG_WARN_QUOTED_INCLUDE_IN_FRAMEWORK_HEADER = YES;
				CLANG_WARN_RANGE_LOOP_ANALYSIS = YES;
				CLANG_WARN_STRICT_PROTOTYPES = YES;
				CLANG_WARN_SUSPICIOUS_MOVE = YES;
				CLANG_WARN_UNGUARDED_AVAILABILITY = YES_AGGRESSIVE;
				CLANG_WARN_UNREACHABLE_CODE = YES;
				CLANG_WARN__DUPLICATE_METHOD_MATCH = YES;
				COPY_PHASE_STRIP = NO;
				DEBUG_INFORMATION_FORMAT = "dwarf-with-dsym";
				ENABLE_NS_ASSERTIONS = NO;
				ENABLE_STRICT_OBJC_MSGSEND = YES;
				ENABLE_USER_SCRIPT_SANDBOXING = NO;
				GCC_C_LANGUAGE_STANDARD = gnu17;
				GCC_NO_COMMON_BLOCKS = YES;
				GCC_WARN_64_TO_32_BIT_CONVERSION = YES;
				GCC_WARN_ABOUT_RETURN_TYPE = YES_ERROR;
				GCC_WARN_UNDECLARED_SELECTOR = YES;
				GCC_WARN_UNINITIALIZED_AUTOS = YES_AGGRESSIVE;
				GCC_WARN_UNUSED_FUNCTION = YES;
				GCC_WARN_UNUSED_VARIABLE = YES;
				IPHONEOS_DEPLOYMENT_TARGET = 17.5;
				LOCALIZATION_PREFERS_STRING_CATALOGS = YES;
				MTL_ENABLE_DEBUG_INFO = NO;
				MTL_FAST_MATH = YES;
				SDKROOT = iphoneos;
				SWIFT_COMPILATION_MODE = wholemodule;
				VALIDATE_PRODUCT = YES;
			};
			name = Release;
		};
		67B761282C3CF37A0028829F /* Debug */ = {
			isa = XCBuildConfiguration;
			baseConfigurationReference = 9A020B7275F93793740C2B5B /* Pods-SomeAnimation.debug.xcconfig */;
			buildSettings = {
				ASSETCATALOG_COMPILER_APPICON_NAME = AppIcon;
				ASSETCATALOG_COMPILER_GLOBAL_ACCENT_COLOR_NAME = AccentColor;
				CODE_SIGN_STYLE = Automatic;
				CURRENT_PROJECT_VERSION = 1;
				GENERATE_INFOPLIST_FILE = YES;
				INFOPLIST_FILE = SomeAnimation/Info.plist;
				INFOPLIST_KEY_UIApplicationSupportsIndirectInputEvents = YES;
				INFOPLIST_KEY_UILaunchStoryboardName = LaunchScreen;
				INFOPLIST_KEY_UIMainStoryboardFile = Main;
				INFOPLIST_KEY_UISupportedInterfaceOrientations_iPad = "UIInterfaceOrientationPortrait UIInterfaceOrientationPortraitUpsideDown UIInterfaceOrientationLandscapeLeft UIInterfaceOrientationLandscapeRight";
				INFOPLIST_KEY_UISupportedInterfaceOrientations_iPhone = "UIInterfaceOrientationPortrait UIInterfaceOrientationLandscapeLeft UIInterfaceOrientationLandscapeRight";
				LD_RUNPATH_SEARCH_PATHS = (
					"$(inherited)",
					"@executable_path/Frameworks",
				);
				MARKETING_VERSION = 1.0;
				PRODUCT_BUNDLE_IDENTIFIER = "Animation-create.SomeAnimation";
				PRODUCT_NAME = "$(TARGET_NAME)";
				SWIFT_EMIT_LOC_STRINGS = YES;
				SWIFT_VERSION = 5.0;
				TARGETED_DEVICE_FAMILY = "1,2";
			};
			name = Debug;
		};
		67B761292C3CF37A0028829F /* Release */ = {
			isa = XCBuildConfiguration;
			baseConfigurationReference = A1872F93228CBF28A705CCD2 /* Pods-SomeAnimation.release.xcconfig */;
			buildSettings = {
				ASSETCATALOG_COMPILER_APPICON_NAME = AppIcon;
				ASSETCATALOG_COMPILER_GLOBAL_ACCENT_COLOR_NAME = AccentColor;
				CODE_SIGN_STYLE = Automatic;
				CURRENT_PROJECT_VERSION = 1;
				GENERATE_INFOPLIST_FILE = YES;
				INFOPLIST_FILE = SomeAnimation/Info.plist;
				INFOPLIST_KEY_UIApplicationSupportsIndirectInputEvents = YES;
				INFOPLIST_KEY_UILaunchStoryboardName = LaunchScreen;
				INFOPLIST_KEY_UIMainStoryboardFile = Main;
				INFOPLIST_KEY_UISupportedInterfaceOrientations_iPad = "UIInterfaceOrientationPortrait UIInterfaceOrientationPortraitUpsideDown UIInterfaceOrientationLandscapeLeft UIInterfaceOrientationLandscapeRight";
				INFOPLIST_KEY_UISupportedInterfaceOrientations_iPhone = "UIInterfaceOrientationPortrait UIInterfaceOrientationLandscapeLeft UIInterfaceOrientationLandscapeRight";
				LD_RUNPATH_SEARCH_PATHS = (
					"$(inherited)",
					"@executable_path/Frameworks",
				);
				MARKETING_VERSION = 1.0;
				PRODUCT_BUNDLE_IDENTIFIER = "Animation-create.SomeAnimation";
				PRODUCT_NAME = "$(TARGET_NAME)";
				SWIFT_EMIT_LOC_STRINGS = YES;
				SWIFT_VERSION = 5.0;
				TARGETED_DEVICE_FAMILY = "1,2";
			};
			name = Release;
		};
		67B7612B2C3CF37A0028829F /* Debug */ = {
			isa = XCBuildConfiguration;
			baseConfigurationReference = CAC09072FE696B03AD0A9432 /* Pods-SomeAnimationTests.debug.xcconfig */;
			buildSettings = {
				ALWAYS_EMBED_SWIFT_STANDARD_LIBRARIES = YES;
				BUNDLE_LOADER = "$(TEST_HOST)";
				CODE_SIGN_STYLE = Automatic;
				CURRENT_PROJECT_VERSION = 1;
				GENERATE_INFOPLIST_FILE = YES;
				IPHONEOS_DEPLOYMENT_TARGET = 17.5;
				MARKETING_VERSION = 1.0;
				PRODUCT_BUNDLE_IDENTIFIER = "Animation-create.SomeAnimationTests";
				PRODUCT_NAME = "$(TARGET_NAME)";
				SWIFT_EMIT_LOC_STRINGS = NO;
				SWIFT_VERSION = 5.0;
				TARGETED_DEVICE_FAMILY = "1,2";
				TEST_HOST = "$(BUILT_PRODUCTS_DIR)/SomeAnimation.app/$(BUNDLE_EXECUTABLE_FOLDER_PATH)/SomeAnimation";
			};
			name = Debug;
		};
		67B7612C2C3CF37A0028829F /* Release */ = {
			isa = XCBuildConfiguration;
			baseConfigurationReference = D7F79AB2AC0FDB7F4D95440C /* Pods-SomeAnimationTests.release.xcconfig */;
			buildSettings = {
				ALWAYS_EMBED_SWIFT_STANDARD_LIBRARIES = YES;
				BUNDLE_LOADER = "$(TEST_HOST)";
				CODE_SIGN_STYLE = Automatic;
				CURRENT_PROJECT_VERSION = 1;
				GENERATE_INFOPLIST_FILE = YES;
				IPHONEOS_DEPLOYMENT_TARGET = 17.5;
				MARKETING_VERSION = 1.0;
				PRODUCT_BUNDLE_IDENTIFIER = "Animation-create.SomeAnimationTests";
				PRODUCT_NAME = "$(TARGET_NAME)";
				SWIFT_EMIT_LOC_STRINGS = NO;
				SWIFT_VERSION = 5.0;
				TARGETED_DEVICE_FAMILY = "1,2";
				TEST_HOST = "$(BUILT_PRODUCTS_DIR)/SomeAnimation.app/$(BUNDLE_EXECUTABLE_FOLDER_PATH)/SomeAnimation";
			};
			name = Release;
		};
		67B7612E2C3CF37A0028829F /* Debug */ = {
			isa = XCBuildConfiguration;
			baseConfigurationReference = EA2A6A382571DAFDAE51C0F6 /* Pods-SomeAnimation-SomeAnimationUITests.debug.xcconfig */;
			buildSettings = {
				ALWAYS_EMBED_SWIFT_STANDARD_LIBRARIES = YES;
				CODE_SIGN_STYLE = Automatic;
				CURRENT_PROJECT_VERSION = 1;
				GENERATE_INFOPLIST_FILE = YES;
				MARKETING_VERSION = 1.0;
				PRODUCT_BUNDLE_IDENTIFIER = "Animation-create.SomeAnimationUITests";
				PRODUCT_NAME = "$(TARGET_NAME)";
				SWIFT_EMIT_LOC_STRINGS = NO;
				SWIFT_VERSION = 5.0;
				TARGETED_DEVICE_FAMILY = "1,2";
				TEST_TARGET_NAME = SomeAnimation;
			};
			name = Debug;
		};
		67B7612F2C3CF37A0028829F /* Release */ = {
			isa = XCBuildConfiguration;
			baseConfigurationReference = 5260F69082A5D506F26648BE /* Pods-SomeAnimation-SomeAnimationUITests.release.xcconfig */;
			buildSettings = {
				ALWAYS_EMBED_SWIFT_STANDARD_LIBRARIES = YES;
				CODE_SIGN_STYLE = Automatic;
				CURRENT_PROJECT_VERSION = 1;
				GENERATE_INFOPLIST_FILE = YES;
				MARKETING_VERSION = 1.0;
				PRODUCT_BUNDLE_IDENTIFIER = "Animation-create.SomeAnimationUITests";
				PRODUCT_NAME = "$(TARGET_NAME)";
				SWIFT_EMIT_LOC_STRINGS = NO;
				SWIFT_VERSION = 5.0;
				TARGETED_DEVICE_FAMILY = "1,2";
				TEST_TARGET_NAME = SomeAnimation;
			};
			name = Release;
		};
/* End XCBuildConfiguration section */

/* Begin XCConfigurationList section */
		67B760F82C3CF3780028829F /* Build configuration list for PBXProject "SomeAnimation" */ = {
			isa = XCConfigurationList;
			buildConfigurations = (
				67B761252C3CF37A0028829F /* Debug */,
				67B761262C3CF37A0028829F /* Release */,
			);
			defaultConfigurationIsVisible = 0;
			defaultConfigurationName = Release;
		};
		67B761272C3CF37A0028829F /* Build configuration list for PBXNativeTarget "SomeAnimation" */ = {
			isa = XCConfigurationList;
			buildConfigurations = (
				67B761282C3CF37A0028829F /* Debug */,
				67B761292C3CF37A0028829F /* Release */,
			);
			defaultConfigurationIsVisible = 0;
			defaultConfigurationName = Release;
		};
		67B7612A2C3CF37A0028829F /* Build configuration list for PBXNativeTarget "SomeAnimationTests" */ = {
			isa = XCConfigurationList;
			buildConfigurations = (
				67B7612B2C3CF37A0028829F /* Debug */,
				67B7612C2C3CF37A0028829F /* Release */,
			);
			defaultConfigurationIsVisible = 0;
			defaultConfigurationName = Release;
		};
		67B7612D2C3CF37A0028829F /* Build configuration list for PBXNativeTarget "SomeAnimationUITests" */ = {
			isa = XCConfigurationList;
			buildConfigurations = (
				67B7612E2C3CF37A0028829F /* Debug */,
				67B7612F2C3CF37A0028829F /* Release */,
			);
			defaultConfigurationIsVisible = 0;
			defaultConfigurationName = Release;
		};
/* End XCConfigurationList section */
	};
	rootObject = 67B760F52C3CF3780028829F /* Project object */;
}
