PODS:
  - KRActivityIndicatorView (3.0.8)
  - KRProgressHUD (3.4.8):
    - KRActivityIndicatorView (= 3.0.8)

DEPENDENCIES:
  - KRProgressHUD

SPEC REPOS:
  trunk:
    - KRActivityIndicatorView
    - KRProgressHUD

SPEC CHECKSUMS:
  KRActivityIndicatorView: c5c503bf56e54834382dd926b64ff47287ca0006
  KRProgressHUD: d0fb4e72428d312eb6966e84c543ea58fb1efbc7

PODFILE CHECKSUM: 9a3d4af8ef8ce708e72d367c35107a603963dc7b

COCOAPODS: 1.15.2
